dependencies:
  espressif/esp_modem:
    component_hash: 06abed971065e9cb88039e011fd85ec1412c7416d3a3d84541a7a432e8d3f94d
    dependencies:
    - name: idf
      require: private
      version: '>=4.1'
    source:
      registry_url: https://components.espressif.com/
      type: service
    version: 2.1.0
  espressif/fb_gfx:
    component_hash: b58faa55dfd7acac77a468759b236639bb7412c8fb84a6ade0c3cc8166a50eb7
    dependencies: []
    source:
      git: https://github.com/espressif/esp32-arduino-lib-builder.git
      path: components/fb_gfx
      type: git
    version: 6671d0bd65cdb9d4cc1001b759e8610de945a8d5
  espressif/mdns:
    component_hash: b5b30022c46302eab89c1d2e3b6fb5918a627563a7462f0ee284b22b9a934967
    dependencies:
    - name: idf
      require: private
      version: '>=5.0'
    source:
      registry_url: https://components.espressif.com/
      type: service
    version: 1.14.0
  idf:
    source:
      type: idf
    version: 5.5.5
  joltwallet/littlefs:
    component_hash: 3af20a3d75c49db9dc2286fd50862c34055c9f578419ad1f2bf7ed3ed01391fe
    dependencies:
    - name: idf
      require: private
      version: '>=5.0'
    source:
      registry_url: https://components.espressif.com/
      type: service
    version: 1.22.3
direct_dependencies:
- espressif/esp_modem
- espressif/fb_gfx
- espressif/mdns
- idf
- joltwallet/littlefs
manifest_hash: fe40d551db4d8d3162efa622278d88dfe214973e6ace8524c267d6d3dd42441d
target: esp32s3
version: 2.0.0
